// !$*UTF8*$!
{
	archiveVersion = 1;
	classes = {
	};
	objectVersion = 55;
	objects = {

/* Begin PBXBuildFile section */
		5C4671CE281C239100D9E89E /* MapAnnotationViewController.swift in Sources */ = {isa = PBXBuildFile; fileRef = 5C4671CD281C239100D9E89E /* MapAnnotationViewController.swift */; };
		5C54F4182818731D001847F7 /* SqueezeNet.mlmodel in Sources */ = {isa = PBXBuildFile; fileRef = 5C54F4172818731D001847F7 /* SqueezeNet.mlmodel */; };
		5C56EA60281C74C60069AE92 /* PhotoquestTests.swift in Sources */ = {isa = PBXBuildFile; fileRef = 5C56EA5F281C74C60069AE92 /* PhotoquestTests.swift */; };
		5C73CE192816C370002C096E /* LandingViewController.swift in Sources */ = {isa = PBXBuildFile; fileRef = 5C73CE182816C370002C096E /* LandingViewController.swift */; };
		5C73CE1B2816C38A002C096E /* SignInViewController.swift in Sources */ = {isa = PBXBuildFile; fileRef = 5C73CE1A2816C38A002C096E /* SignInViewController.swift */; };
		5C73CE1D2816C398002C096E /* SignUpViewController.swift in Sources */ = {isa = PBXBuildFile; fileRef = 5C73CE1C2816C398002C096E /* SignUpViewController.swift */; };
		5C73CE1F2816C3AC002C096E /* OnboardingViewController.swift in Sources */ = {isa = PBXBuildFile; fileRef = 5C73CE1E2816C3AC002C096E /* OnboardingViewController.swift */; };
		5C73CE212816C3E6002C096E /* QuestMapViewController.swift in Sources */ = {isa = PBXBuildFile; fileRef = 5C73CE202816C3E6002C096E /* QuestMapViewController.swift */; };
		5C73CE232816C401002C096E /* ProfileViewController.swift in Sources */ = {isa = PBXBuildFile; fileRef = 5C73CE222816C401002C096E /* ProfileViewController.swift */; };
		5C73CE2C2816E6F6002C096E /* QuestTableViewCell.swift in Sources */ = {isa = PBXBuildFile; fileRef = 5C73CE2B2816E6F6002C096E /* QuestTableViewCell.swift */; };
		5C7906C6281983FD00B2E450 /* InputValidationService.swift in Sources */ = {isa = PBXBuildFile; fileRef = 5C7906C5281983FD00B2E450 /* InputValidationService.swift */; };
		5CC70F672815D25E0052733B /* AppDelegate.swift in Sources */ = {isa = PBXBuildFile; fileRef = 5CC70F662815D25E0052733B /* AppDelegate.swift */; };
		5CC70F692815D25E0052733B /* SceneDelegate.swift in Sources */ = {isa = PBXBuildFile; fileRef = 5CC70F682815D25E0052733B /* SceneDelegate.swift */; };
		5CC70F6B2815D25E0052733B /* QuestDetailViewController.swift in Sources */ = {isa = PBXBuildFile; fileRef = 5CC70F6A2815D25E0052733B /* QuestDetailViewController.swift */; };
		5CC70F6E2815D25E0052733B /* Main.storyboard in Resources */ = {isa = PBXBuildFile; fileRef = 5CC70F6C2815D25E0052733B /* Main.storyboard */; };
		5CC70F702815D2610052733B /* Assets.xcassets in Resources */ = {isa = PBXBuildFile; fileRef = 5CC70F6F2815D2610052733B /* Assets.xcassets */; };
		5CC70F732815D2610052733B /* LaunchScreen.storyboard in Resources */ = {isa = PBXBuildFile; fileRef = 5CC70F712815D2610052733B /* LaunchScreen.storyboard */; };
		5CC70F8028160BAC0052733B /* ImageRecognizer.swift in Sources */ = {isa = PBXBuildFile; fileRef = 5CC70F7F28160BAC0052733B /* ImageRecognizer.swift */; };
		5CC70F852816338A0052733B /* QuestsViewController.swift in Sources */ = {isa = PBXBuildFile; fileRef = 5CC70F842816338A0052733B /* QuestsViewController.swift */; };
		5CC9A0032816F3360011584E /* PhotoCollectionViewCell.swift in Sources */ = {isa = PBXBuildFile; fileRef = 5CC9A0022816F3360011584E /* PhotoCollectionViewCell.swift */; };
		5CC9A0052817270A0011584E /* ImageRecognitionViewController.swift in Sources */ = {isa = PBXBuildFile; fileRef = 5CC9A0042817270A0011584E /* ImageRecognitionViewController.swift */; };
		5CC9A00B2817334C0011584E /* Quest.swift in Sources */ = {isa = PBXBuildFile; fileRef = 5CC9A00A2817334C0011584E /* Quest.swift */; };
		5CC9A00D2817336D0011584E /* Photo.swift in Sources */ = {isa = PBXBuildFile; fileRef = 5CC9A00C2817336D0011584E /* Photo.swift */; };
		5CC9A00F281733860011584E /* TestData.swift in Sources */ = {isa = PBXBuildFile; fileRef = 5CC9A00E281733860011584E /* TestData.swift */; };
		5CFB6E78282038CE00D39BE1 /* FirebaseAuth in Frameworks */ = {isa = PBXBuildFile; productRef = 5CFB6E77282038CE00D39BE1 /* FirebaseAuth */; };
		5CFB6E7A282038CE00D39BE1 /* FirebaseFirestore in Frameworks */ = {isa = PBXBuildFile; productRef = 5CFB6E79282038CE00D39BE1 /* FirebaseFirestore */; };
		5CFB6E7C282038CE00D39BE1 /* FirebaseStorage in Frameworks */ = {isa = PBXBuildFile; productRef = 5CFB6E7B282038CE00D39BE1 /* FirebaseStorage */; };
		5CFB6E7E28203CF300D39BE1 /* AuthService.swift in Sources */ = {isa = PBXBuildFile; fileRef = 5CFB6E7D28203CF300D39BE1 /* AuthService.swift */; };
/* End PBXBuildFile section */

/* Begin PBXContainerItemProxy section */
		5C56EA61281C74C60069AE92 /* PBXContainerItemProxy */ = {
			isa = PBXContainerItemProxy;
			containerPortal = 5CC70F5B2815D25E0052733B /* Project object */;
			proxyType = 1;
			remoteGlobalIDString = 5CC70F622815D25E0052733B;
			remoteInfo = Photoquest;
		};
/* End PBXContainerItemProxy section */

/* Begin PBXFileReference section */
		5C4671CD281C239100D9E89E /* MapAnnotationViewController.swift */ = {isa = PBXFileReference; lastKnownFileType = sourcecode.swift; path = MapAnnotationViewController.swift; sourceTree = "<group>"; };
		5C54F4172818731D001847F7 /* SqueezeNet.mlmodel */ = {isa = PBXFileReference; lastKnownFileType = file.mlmodel; path = SqueezeNet.mlmodel; sourceTree = "<group>"; };
		5C56EA5D281C74C60069AE92 /* PhotoquestTests.xctest */ = {isa = PBXFileReference; explicitFileType = wrapper.cfbundle; includeInIndex = 0; path = PhotoquestTests.xctest; sourceTree = BUILT_PRODUCTS_DIR; };
		5C56EA5F281C74C60069AE92 /* PhotoquestTests.swift */ = {isa = PBXFileReference; lastKnownFileType = sourcecode.swift; path = PhotoquestTests.swift; sourceTree = "<group>"; };
		5C73CE182816C370002C096E /* LandingViewController.swift */ = {isa = PBXFileReference; lastKnownFileType = sourcecode.swift; path = LandingViewController.swift; sourceTree = "<group>"; };
		5C73CE1A2816C38A002C096E /* SignInViewController.swift */ = {isa = PBXFileReference; lastKnownFileType = sourcecode.swift; path = SignInViewController.swift; sourceTree = "<group>"; };
		5C73CE1C2816C398002C096E /* SignUpViewController.swift */ = {isa = PBXFileReference; lastKnownFileType = sourcecode.swift; path = SignUpViewController.swift; sourceTree = "<group>"; };
		5C73CE1E2816C3AC002C096E /* OnboardingViewController.swift */ = {isa = PBXFileReference; lastKnownFileType = sourcecode.swift; path = OnboardingViewController.swift; sourceTree = "<group>"; };
		5C73CE202816C3E6002C096E /* QuestMapViewController.swift */ = {isa = PBXFileReference; lastKnownFileType = sourcecode.swift; path = QuestMapViewController.swift; sourceTree = "<group>"; };
		5C73CE222816C401002C096E /* ProfileViewController.swift */ = {isa = PBXFileReference; lastKnownFileType = sourcecode.swift; path = ProfileViewController.swift; sourceTree = "<group>"; };
		5C73CE2B2816E6F6002C096E /* QuestTableViewCell.swift */ = {isa = PBXFileReference; lastKnownFileType = sourcecode.swift; path = QuestTableViewCell.swift; sourceTree = "<group>"; };
		5C7906C5281983FD00B2E450 /* InputValidationService.swift */ = {isa = PBXFileReference; lastKnownFileType = sourcecode.swift; path = InputValidationService.swift; sourceTree = "<group>"; };
		5CC70F632815D25E0052733B /* Photoquest.app */ = {isa = PBXFileReference; explicitFileType = wrapper.application; includeInIndex = 0; path = Photoquest.app; sourceTree = BUILT_PRODUCTS_DIR; };
		5CC70F662815D25E0052733B /* AppDelegate.swift */ = {isa = PBXFileReference; lastKnownFileType = sourcecode.swift; path = AppDelegate.swift; sourceTree = "<group>"; };
		5CC70F682815D25E0052733B /* SceneDelegate.swift */ = {isa = PBXFileReference; lastKnownFileType = sourcecode.swift; path = SceneDelegate.swift; sourceTree = "<group>"; };
		5CC70F6A2815D25E0052733B /* QuestDetailViewController.swift */ = {isa = PBXFileReference; lastKnownFileType = sourcecode.swift; path = QuestDetailViewController.swift; sourceTree = "<group>"; };
		5CC70F6D2815D25E0052733B /* Base */ = {isa = PBXFileReference; lastKnownFileType = file.storyboard; name = Base; path = Base.lproj/Main.storyboard; sourceTree = "<group>"; };
		5CC70F6F2815D2610052733B /* Assets.xcassets */ = {isa = PBXFileReference; lastKnownFileType = folder.assetcatalog; path = Assets.xcassets; sourceTree = "<group>"; };
		5CC70F722815D2610052733B /* Base */ = {isa = PBXFileReference; lastKnownFileType = file.storyboard; name = Base; path = Base.lproj/LaunchScreen.storyboard; sourceTree = "<group>"; };
		5CC70F742815D2610052733B /* Info.plist */ = {isa = PBXFileReference; lastKnownFileType = text.plist.xml; path = Info.plist; sourceTree = "<group>"; };
		5CC70F7F28160BAC0052733B /* ImageRecognizer.swift */ = {isa = PBXFileReference; lastKnownFileType = sourcecode.swift; path = ImageRecognizer.swift; sourceTree = "<group>"; };
		5CC70F842816338A0052733B /* QuestsViewController.swift */ = {isa = PBXFileReference; lastKnownFileType = sourcecode.swift; path = QuestsViewController.swift; sourceTree = "<group>"; };
		5CC9A0022816F3360011584E /* PhotoCollectionViewCell.swift */ = {isa = PBXFileReference; lastKnownFileType = sourcecode.swift; path = PhotoCollectionViewCell.swift; sourceTree = "<group>"; };
		5CC9A0042817270A0011584E /* ImageRecognitionViewController.swift */ = {isa = PBXFileReference; lastKnownFileType = sourcecode.swift; path = ImageRecognitionViewController.swift; sourceTree = "<group>"; };
		5CC9A00A2817334C0011584E /* Quest.swift */ = {isa = PBXFileReference; lastKnownFileType = sourcecode.swift; path = Quest.swift; sourceTree = "<group>"; };
		5CC9A00C2817336D0011584E /* Photo.swift */ = {isa = PBXFileReference; lastKnownFileType = sourcecode.swift; path = Photo.swift; sourceTree = "<group>"; };
		5CC9A00E281733860011584E /* TestData.swift */ = {isa = PBXFileReference; lastKnownFileType = sourcecode.swift; path = TestData.swift; sourceTree = "<group>"; };
		5CFB6E7D28203CF300D39BE1 /* AuthService.swift */ = {isa = PBXFileReference; lastKnownFileType = sourcecode.swift; path = AuthService.swift; sourceTree = "<group>"; };
/* End PBXFileReference section */

/* Begin PBXFrameworksBuildPhase section */
		5C56EA5A281C74C60069AE92 /* Frameworks */ = {
			isa = PBXFrameworksBuildPhase;
			buildActionMask = 2147483647;
			files = (
			);
			runOnlyForDeploymentPostprocessing = 0;
		};
		5CC70F602815D25E0052733B /* Frameworks */ = {
			isa = PBXFrameworksBuildPhase;
			buildActionMask = 2147483647;
			files = (
				5CFB6E78282038CE00D39BE1 /* FirebaseAuth in Frameworks */,
				5CFB6E7A282038CE00D39BE1 /* FirebaseFirestore in Frameworks */,
				5CFB6E7C282038CE00D39BE1 /* FirebaseStorage in Frameworks */,
			);
			runOnlyForDeploymentPostprocessing = 0;
		};
/* End PBXFrameworksBuildPhase section */

/* Begin PBXGroup section */
		5C54F4142818694A001847F7 /* Helper */ = {
			isa = PBXGroup;
			children = (
				5C7906C5281983FD00B2E450 /* InputValidationService.swift */,
				5CFB6E7D28203CF300D39BE1 /* AuthService.swift */,
			);
			path = Helper;
			sourceTree = "<group>";
		};
		5C56EA5E281C74C60069AE92 /* PhotoquestTests */ = {
			isa = PBXGroup;
			children = (
				5C56EA5F281C74C60069AE92 /* PhotoquestTests.swift */,
			);
			path = PhotoquestTests;
			sourceTree = "<group>";
		};
		5C73CE2A2816E6DF002C096E /* Views */ = {
			isa = PBXGroup;
			children = (
				5C73CE2B2816E6F6002C096E /* QuestTableViewCell.swift */,
				5CC9A0022816F3360011584E /* PhotoCollectionViewCell.swift */,
			);
			path = Views;
			sourceTree = "<group>";
		};
		5CC70F5A2815D25E0052733B = {
			isa = PBXGroup;
			children = (
				5CC70F652815D25E0052733B /* Photoquest */,
				5C56EA5E281C74C60069AE92 /* PhotoquestTests */,
				5CC70F642815D25E0052733B /* Products */,
			);
			sourceTree = "<group>";
		};
		5CC70F642815D25E0052733B /* Products */ = {
			isa = PBXGroup;
			children = (
				5CC70F632815D25E0052733B /* Photoquest.app */,
				5C56EA5D281C74C60069AE92 /* PhotoquestTests.xctest */,
			);
			name = Products;
			sourceTree = "<group>";
		};
		5CC70F652815D25E0052733B /* Photoquest */ = {
			isa = PBXGroup;
			children = (
				5CC70F82281630A40052733B /* Storyboards */,
				5CC70F83281630AE0052733B /* ViewControllers */,
				5C73CE2A2816E6DF002C096E /* Views */,
				5CC70F812816309D0052733B /* Models */,
				5CC70F86281634AF0052733B /* Data */,
				5C54F4142818694A001847F7 /* Helper */,
				5CC70F662815D25E0052733B /* AppDelegate.swift */,
				5CC70F682815D25E0052733B /* SceneDelegate.swift */,
				5C54F4172818731D001847F7 /* SqueezeNet.mlmodel */,
				5CC70F6F2815D2610052733B /* Assets.xcassets */,
				5CC70F742815D2610052733B /* Info.plist */,
			);
			path = Photoquest;
			sourceTree = "<group>";
		};
		5CC70F812816309D0052733B /* Models */ = {
			isa = PBXGroup;
			children = (
				5CC70F7F28160BAC0052733B /* ImageRecognizer.swift */,
			);
			path = Models;
			sourceTree = "<group>";
		};
		5CC70F82281630A40052733B /* Storyboards */ = {
			isa = PBXGroup;
			children = (
				5CC70F6C2815D25E0052733B /* Main.storyboard */,
				5CC70F712815D2610052733B /* LaunchScreen.storyboard */,
			);
			path = Storyboards;
			sourceTree = "<group>";
		};
		5CC70F83281630AE0052733B /* ViewControllers */ = {
			isa = PBXGroup;
			children = (
				5C73CE182816C370002C096E /* LandingViewController.swift */,
				5C73CE1A2816C38A002C096E /* SignInViewController.swift */,
				5C73CE1C2816C398002C096E /* SignUpViewController.swift */,
				5C73CE1E2816C3AC002C096E /* OnboardingViewController.swift */,
				5CC70F842816338A0052733B /* QuestsViewController.swift */,
				5CC70F6A2815D25E0052733B /* QuestDetailViewController.swift */,
				5C73CE202816C3E6002C096E /* QuestMapViewController.swift */,
				5C4671CD281C239100D9E89E /* MapAnnotationViewController.swift */,
				5CC9A0042817270A0011584E /* ImageRecognitionViewController.swift */,
				5C73CE222816C401002C096E /* ProfileViewController.swift */,
			);
			path = ViewControllers;
			sourceTree = "<group>";
		};
		5CC70F86281634AF0052733B /* Data */ = {
			isa = PBXGroup;
			children = (
				5CC9A00A2817334C0011584E /* Quest.swift */,
				5CC9A00C2817336D0011584E /* Photo.swift */,
				5CC9A00E281733860011584E /* TestData.swift */,
			);
			path = Data;
			sourceTree = "<group>";
		};
/* End PBXGroup section */

/* Begin PBXNativeTarget section */
		5C56EA5C281C74C60069AE92 /* PhotoquestTests */ = {
			isa = PBXNativeTarget;
			buildConfigurationList = 5C56EA65281C74C60069AE92 /* Build configuration list for PBXNativeTarget "PhotoquestTests" */;
			buildPhases = (
				5C56EA59281C74C60069AE92 /* Sources */,
				5C56EA5A281C74C60069AE92 /* Frameworks */,
				5C56EA5B281C74C60069AE92 /* Resources */,
			);
			buildRules = (
			);
			dependencies = (
				5C56EA62281C74C60069AE92 /* PBXTargetDependency */,
			);
			name = PhotoquestTests;
			productName = PhotoquestTests;
			productReference = 5C56EA5D281C74C60069AE92 /* PhotoquestTests.xctest */;
			productType = "com.apple.product-type.bundle.unit-test";
		};
		5CC70F622815D25E0052733B /* Photoquest */ = {
			isa = PBXNativeTarget;
			buildConfigurationList = 5CC70F772815D2610052733B /* Build configuration list for PBXNativeTarget "Photoquest" */;
			buildPhases = (
				5CC70F5F2815D25E0052733B /* Sources */,
				5CC70F602815D25E0052733B /* Frameworks */,
				5CC70F612815D25E0052733B /* Resources */,
			);
			buildRules = (
			);
			dependencies = (
			);
			name = Photoquest;
			packageProductDependencies = (
				5CFB6E77282038CE00D39BE1 /* FirebaseAuth */,
				5CFB6E79282038CE00D39BE1 /* FirebaseFirestore */,
				5CFB6E7B282038CE00D39BE1 /* FirebaseStorage */,
			);
			productName = Photoquest;
			productReference = 5CC70F632815D25E0052733B /* Photoquest.app */;
			productType = "com.apple.product-type.application";
		};
/* End PBXNativeTarget section */

/* Begin PBXProject section */
		5CC70F5B2815D25E0052733B /* Project object */ = {
			isa = PBXProject;
			attributes = {
				BuildIndependentTargetsInParallel = 1;
				LastSwiftUpdateCheck = 1330;
				LastUpgradeCheck = 1330;
				TargetAttributes = {
					5C56EA5C281C74C60069AE92 = {
						CreatedOnToolsVersion = 13.3.1;
						TestTargetID = 5CC70F622815D25E0052733B;
					};
					5CC70F622815D25E0052733B = {
						CreatedOnToolsVersion = 13.3.1;
					};
				};
			};
			buildConfigurationList = 5CC70F5E2815D25E0052733B /* Build configuration list for PBXProject "Photoquest" */;
			compatibilityVersion = "Xcode 13.0";
			developmentRegion = en;
			hasScannedForEncodings = 0;
			knownRegions = (
				en,
				Base,
			);
			mainGroup = 5CC70F5A2815D25E0052733B;
			packageReferences = (
				5CFB6E76282038CE00D39BE1 /* XCRemoteSwiftPackageReference "firebase-ios-sdk" */,
			);
			productRefGroup = 5CC70F642815D25E0052733B /* Products */;
			projectDirPath = "";
			projectRoot = "";
			targets = (
				5CC70F622815D25E0052733B /* Photoquest */,
				5C56EA5C281C74C60069AE92 /* PhotoquestTests */,
			);
		};
/* End PBXProject section */

/* Begin PBXResourcesBuildPhase section */
		5C56EA5B281C74C60069AE92 /* Resources */ = {
			isa = PBXResourcesBuildPhase;
			buildActionMask = 2147483647;
			files = (
			);
			runOnlyForDeploymentPostprocessing = 0;
		};
		5CC70F612815D25E0052733B /* Resources */ = {
			isa = PBXResourcesBuildPhase;
			buildActionMask = 2147483647;
			files = (
				5CC70F732815D2610052733B /* LaunchScreen.storyboard in Resources */,
				5CC70F702815D2610052733B /* Assets.xcassets in Resources */,
				5CC70F6E2815D25E0052733B /* Main.storyboard in Resources */,
			);
			runOnlyForDeploymentPostprocessing = 0;
		};
/* End PBXResourcesBuildPhase section */

/* Begin PBXSourcesBuildPhase section */
		5C56EA59281C74C60069AE92 /* Sources */ = {
			isa = PBXSourcesBuildPhase;
			buildActionMask = 2147483647;
			files = (
				5C56EA60281C74C60069AE92 /* PhotoquestTests.swift in Sources */,
			);
			runOnlyForDeploymentPostprocessing = 0;
		};
		5CC70F5F2815D25E0052733B /* Sources */ = {
			isa = PBXSourcesBuildPhase;
			buildActionMask = 2147483647;
			files = (
				5C73CE192816C370002C096E /* LandingViewController.swift in Sources */,
				5CC70F6B2815D25E0052733B /* QuestDetailViewController.swift in Sources */,
				5C73CE2C2816E6F6002C096E /* QuestTableViewCell.swift in Sources */,
				5CC70F672815D25E0052733B /* AppDelegate.swift in Sources */,
				5C73CE1B2816C38A002C096E /* SignInViewController.swift in Sources */,
				5C73CE212816C3E6002C096E /* QuestMapViewController.swift in Sources */,
				5CFB6E7E28203CF300D39BE1 /* AuthService.swift in Sources */,
				5C54F4182818731D001847F7 /* SqueezeNet.mlmodel in Sources */,
				5C73CE232816C401002C096E /* ProfileViewController.swift in Sources */,
				5CC9A00B2817334C0011584E /* Quest.swift in Sources */,
				5CC9A00F281733860011584E /* TestData.swift in Sources */,
				5CC70F852816338A0052733B /* QuestsViewController.swift in Sources */,
				5CC9A00D2817336D0011584E /* Photo.swift in Sources */,
				5C4671CE281C239100D9E89E /* MapAnnotationViewController.swift in Sources */,
				5C73CE1D2816C398002C096E /* SignUpViewController.swift in Sources */,
				5C73CE1F2816C3AC002C096E /* OnboardingViewController.swift in Sources */,
				5CC9A0032816F3360011584E /* PhotoCollectionViewCell.swift in Sources */,
				5C7906C6281983FD00B2E450 /* InputValidationService.swift in Sources */,
				5CC70F8028160BAC0052733B /* ImageRecognizer.swift in Sources */,
				5CC9A0052817270A0011584E /* ImageRecognitionViewController.swift in Sources */,
				5CC70F692815D25E0052733B /* SceneDelegate.swift in Sources */,
			);
			runOnlyForDeploymentPostprocessing = 0;
		};
/* End PBXSourcesBuildPhase section */

/* Begin PBXTargetDependency section */
		5C56EA62281C74C60069AE92 /* PBXTargetDependency */ = {
			isa = PBXTargetDependency;
			target = 5CC70F622815D25E0052733B /* Photoquest */;
			targetProxy = 5C56EA61281C74C60069AE92 /* PBXContainerItemProxy */;
		};
/* End PBXTargetDependency section */

/* Begin PBXVariantGroup section */
		5CC70F6C2815D25E0052733B /* Main.storyboard */ = {
			isa = PBXVariantGroup;
			children = (
				5CC70F6D2815D25E0052733B /* Base */,
			);
			name = Main.storyboard;
			sourceTree = "<group>";
		};
		5CC70F712815D2610052733B /* LaunchScreen.storyboard */ = {
			isa = PBXVariantGroup;
			children = (
				5CC70F722815D2610052733B /* Base */,
			);
			name = LaunchScreen.storyboard;
			sourceTree = "<group>";
		};
/* End PBXVariantGroup section */

/* Begin XCBuildConfiguration section */
		5C56EA63281C74C60069AE92 /* Debug */ = {
			isa = XCBuildConfiguration;
			buildSettings = {
				BUNDLE_LOADER = "$(TEST_HOST)";
				CODE_SIGN_STYLE = Automatic;
				CURRENT_PROJECT_VERSION = 1;
				DEVELOPMENT_TEAM = 7927LZ58S8;
				GENERATE_INFOPLIST_FILE = YES;
				MARKETING_VERSION = 1.0;
				PRODUCT_BUNDLE_IDENTIFIER = com.nolinmcfarland.PhotoquestTests;
				PRODUCT_NAME = "$(TARGET_NAME)";
				SWIFT_EMIT_LOC_STRINGS = NO;
				SWIFT_VERSION = 5.0;
				TARGETED_DEVICE_FAMILY = "1,2";
				TEST_HOST = "$(BUILT_PRODUCTS_DIR)/Photoquest.app/Photoquest";
			};
			name = Debug;
		};
		5C56EA64281C74C60069AE92 /* Release */ = {
			isa = XCBuildConfiguration;
			buildSettings = {
				BUNDLE_LOADER = "$(TEST_HOST)";
				CODE_SIGN_STYLE = Automatic;
				CURRENT_PROJECT_VERSION = 1;
				DEVELOPMENT_TEAM = 7927LZ58S8;
				GENERATE_INFOPLIST_FILE = YES;
				MARKETING_VERSION = 1.0;
				PRODUCT_BUNDLE_IDENTIFIER = com.nolinmcfarland.PhotoquestTests;
				PRODUCT_NAME = "$(TARGET_NAME)";
				SWIFT_EMIT_LOC_STRINGS = NO;
				SWIFT_VERSION = 5.0;
				TARGETED_DEVICE_FAMILY = "1,2";
				TEST_HOST = "$(BUILT_PRODUCTS_DIR)/Photoquest.app/Photoquest";
			};
			name = Release;
		};
		5CC70F752815D2610052733B /* Debug */ = {
			isa = XCBuildConfiguration;
			buildSettings = {
				ALWAYS_SEARCH_USER_PATHS = NO;
				CLANG_ANALYZER_NONNULL = YES;
				CLANG_ANALYZER_NUMBER_OBJECT_CONVERSION = YES_AGGRESSIVE;
				CLANG_CXX_LANGUAGE_STANDARD = "gnu++17";
				CLANG_ENABLE_MODULES = YES;
				CLANG_ENABLE_OBJC_ARC = YES;
				CLANG_ENABLE_OBJC_WEAK = YES;
				CLANG_WARN_BLOCK_CAPTURE_AUTORELEASING = YES;
				CLANG_WARN_BOOL_CONVERSION = YES;
				CLANG_WARN_COMMA = YES;
				CLANG_WARN_CONSTANT_CONVERSION = YES;
				CLANG_WARN_DEPRECATED_OBJC_IMPLEMENTATIONS = YES;
				CLANG_WARN_DIRECT_OBJC_ISA_USAGE = YES_ERROR;
				CLANG_WARN_DOCUMENTATION_COMMENTS = YES;
				CLANG_WARN_EMPTY_BODY = YES;
				CLANG_WARN_ENUM_CONVERSION = YES;
				CLANG_WARN_INFINITE_RECURSION = YES;
				CLANG_WARN_INT_CONVERSION = YES;
				CLANG_WARN_NON_LITERAL_NULL_CONVERSION = YES;
				CLANG_WARN_OBJC_IMPLICIT_RETAIN_SELF = YES;
				CLANG_WARN_OBJC_LITERAL_CONVERSION = YES;
				CLANG_WARN_OBJC_ROOT_CLASS = YES_ERROR;
				CLANG_WARN_QUOTED_INCLUDE_IN_FRAMEWORK_HEADER = YES;
				CLANG_WARN_RANGE_LOOP_ANALYSIS = YES;
				CLANG_WARN_STRICT_PROTOTYPES = YES;
				CLANG_WARN_SUSPICIOUS_MOVE = YES;
				CLANG_WARN_UNGUARDED_AVAILABILITY = YES_AGGRESSIVE;
				CLANG_WARN_UNREACHABLE_CODE = YES;
				CLANG_WARN__DUPLICATE_METHOD_MATCH = YES;
				COPY_PHASE_STRIP = NO;
				DEBUG_INFORMATION_FORMAT = dwarf;
				ENABLE_STRICT_OBJC_MSGSEND = YES;
				ENABLE_TESTABILITY = YES;
				GCC_C_LANGUAGE_STANDARD = gnu11;
				GCC_DYNAMIC_NO_PIC = NO;
				GCC_NO_COMMON_BLOCKS = YES;
				GCC_OPTIMIZATION_LEVEL = 0;
				GCC_PREPROCESSOR_DEFINITIONS = (
					"DEBUG=1",
					"$(inherited)",
				);
				GCC_WARN_64_TO_32_BIT_CONVERSION = YES;
				GCC_WARN_ABOUT_RETURN_TYPE = YES_ERROR;
				GCC_WARN_UNDECLARED_SELECTOR = YES;
				GCC_WARN_UNINITIALIZED_AUTOS = YES_AGGRESSIVE;
				GCC_WARN_UNUSED_FUNCTION = YES;
				GCC_WARN_UNUSED_VARIABLE = YES;
				IPHONEOS_DEPLOYMENT_TARGET = 15.0;
				MTL_ENABLE_DEBUG_INFO = INCLUDE_SOURCE;
				MTL_FAST_MATH = YES;
				ONLY_ACTIVE_ARCH = YES;
				SDKROOT = iphoneos;
				SWIFT_ACTIVE_COMPILATION_CONDITIONS = DEBUG;
				SWIFT_OPTIMIZATION_LEVEL = "-Onone";
			};
			name = Debug;
		};
		5CC70F762815D2610052733B /* Release */ = {
			isa = XCBuildConfiguration;
			buildSettings = {
				ALWAYS_SEARCH_USER_PATHS = NO;
				CLANG_ANALYZER_NONNULL = YES;
				CLANG_ANALYZER_NUMBER_OBJECT_CONVERSION = YES_AGGRESSIVE;
				CLANG_CXX_LANGUAGE_STANDARD = "gnu++17";
				CLANG_ENABLE_MODULES = YES;
				CLANG_ENABLE_OBJC_ARC = YES;
				CLANG_ENABLE_OBJC_WEAK = YES;
				CLANG_WARN_BLOCK_CAPTURE_AUTORELEASING = YES;
				CLANG_WARN_BOOL_CONVERSION = YES;
				CLANG_WARN_COMMA = YES;
				CLANG_WARN_CONSTANT_CONVERSION = YES;
				CLANG_WARN_DEPRECATED_OBJC_IMPLEMENTATIONS = YES;
				CLANG_WARN_DIRECT_OBJC_ISA_USAGE = YES_ERROR;
				CLANG_WARN_DOCUMENTATION_COMMENTS = YES;
				CLANG_WARN_EMPTY_BODY = YES;
				CLANG_WARN_ENUM_CONVERSION = YES;
				CLANG_WARN_INFINITE_RECURSION = YES;
				CLANG_WARN_INT_CONVERSION = YES;
				CLANG_WARN_NON_LITERAL_NULL_CONVERSION = YES;
				CLANG_WARN_OBJC_IMPLICIT_RETAIN_SELF = YES;
				CLANG_WARN_OBJC_LITERAL_CONVERSION = YES;
				CLANG_WARN_OBJC_ROOT_CLASS = YES_ERROR;
				CLANG_WARN_QUOTED_INCLUDE_IN_FRAMEWORK_HEADER = YES;
				CLANG_WARN_RANGE_LOOP_ANALYSIS = YES;
				CLANG_WARN_STRICT_PROTOTYPES = YES;
				CLANG_WARN_SUSPICIOUS_MOVE = YES;
				CLANG_WARN_UNGUARDED_AVAILABILITY = YES_AGGRESSIVE;
				CLANG_WARN_UNREACHABLE_CODE = YES;
				CLANG_WARN__DUPLICATE_METHOD_MATCH = YES;
				COPY_PHASE_STRIP = NO;
				DEBUG_INFORMATION_FORMAT = "dwarf-with-dsym";
				ENABLE_NS_ASSERTIONS = NO;
				ENABLE_STRICT_OBJC_MSGSEND = YES;
				GCC_C_LANGUAGE_STANDARD = gnu11;
				GCC_NO_COMMON_BLOCKS = YES;
				GCC_WARN_64_TO_32_BIT_CONVERSION = YES;
				GCC_WARN_ABOUT_RETURN_TYPE = YES_ERROR;
				GCC_WARN_UNDECLARED_SELECTOR = YES;
				GCC_WARN_UNINITIALIZED_AUTOS = YES_AGGRESSIVE;
				GCC_WARN_UNUSED_FUNCTION = YES;
				GCC_WARN_UNUSED_VARIABLE = YES;
				IPHONEOS_DEPLOYMENT_TARGET = 15.0;
				MTL_ENABLE_DEBUG_INFO = NO;
				MTL_FAST_MATH = YES;
				SDKROOT = iphoneos;
				SWIFT_COMPILATION_MODE = wholemodule;
				SWIFT_OPTIMIZATION_LEVEL = "-O";
				VALIDATE_PRODUCT = YES;
			};
			name = Release;
		};
		5CC70F782815D2610052733B /* Debug */ = {
			isa = XCBuildConfiguration;
			buildSettings = {
				ASSETCATALOG_COMPILER_APPICON_NAME = AppIcon;
				ASSETCATALOG_COMPILER_GLOBAL_ACCENT_COLOR_NAME = AccentColor;
				CODE_SIGN_STYLE = Automatic;
				CURRENT_PROJECT_VERSION = 1;
				DEVELOPMENT_TEAM = 7927LZ58S8;
				GENERATE_INFOPLIST_FILE = YES;
				INFOPLIST_FILE = Photoquest/Info.plist;
				INFOPLIST_KEY_NSCameraUsageDescription = "Photoquest uses the camera to take pictures to complete quests.";
				INFOPLIST_KEY_NSLocationWhenInUseUsageDescription = "Photoquest uses your location to tag where your pictures were taken.";
				INFOPLIST_KEY_UIApplicationSupportsIndirectInputEvents = YES;
				INFOPLIST_KEY_UILaunchStoryboardName = LaunchScreen;
				INFOPLIST_KEY_UIMainStoryboardFile = Main;
				INFOPLIST_KEY_UISupportedInterfaceOrientations = "UIInterfaceOrientationPortrait UIInterfaceOrientationPortraitUpsideDown";
				INFOPLIST_KEY_UISupportedInterfaceOrientations_iPad = "UIInterfaceOrientationPortrait UIInterfaceOrientationPortraitUpsideDown UIInterfaceOrientationLandscapeLeft UIInterfaceOrientationLandscapeRight";
				INFOPLIST_KEY_UISupportedInterfaceOrientations_iPhone = "UIInterfaceOrientationPortrait UIInterfaceOrientationLandscapeLeft UIInterfaceOrientationLandscapeRight";
				LD_RUNPATH_SEARCH_PATHS = (
					"$(inherited)",
					"@executable_path/Frameworks",
				);
				MARKETING_VERSION = 1.0;
				PRODUCT_BUNDLE_IDENTIFIER = com.nolinmcfarland.Photoquest;
				PRODUCT_NAME = "$(TARGET_NAME)";
				SWIFT_EMIT_LOC_STRINGS = YES;
				SWIFT_VERSION = 5.0;
				TARGETED_DEVICE_FAMILY = "1,2";
			};
			name = Debug;
		};
		5CC70F792815D2610052733B /* Release */ = {
			isa = XCBuildConfiguration;
			buildSettings = {
				ASSETCATALOG_COMPILER_APPICON_NAME = AppIcon;
				ASSETCATALOG_COMPILER_GLOBAL_ACCENT_COLOR_NAME = AccentColor;
				CODE_SIGN_STYLE = Automatic;
				CURRENT_PROJECT_VERSION = 1;
				DEVELOPMENT_TEAM = 7927LZ58S8;
				GENERATE_INFOPLIST_FILE = YES;
				INFOPLIST_FILE = Photoquest/Info.plist;
				INFOPLIST_KEY_NSCameraUsageDescription = "Photoquest uses the camera to take pictures to complete quests.";
				INFOPLIST_KEY_NSLocationWhenInUseUsageDescription = "Photoquest uses your location to tag where your pictures were taken.";
				INFOPLIST_KEY_UIApplicationSupportsIndirectInputEvents = YES;
				INFOPLIST_KEY_UILaunchStoryboardName = LaunchScreen;
				INFOPLIST_KEY_UIMainStoryboardFile = Main;
				INFOPLIST_KEY_UISupportedInterfaceOrientations = "UIInterfaceOrientationPortrait UIInterfaceOrientationPortraitUpsideDown";
				INFOPLIST_KEY_UISupportedInterfaceOrientations_iPad = "UIInterfaceOrientationPortrait UIInterfaceOrientationPortraitUpsideDown UIInterfaceOrientationLandscapeLeft UIInterfaceOrientationLandscapeRight";
				INFOPLIST_KEY_UISupportedInterfaceOrientations_iPhone = "UIInterfaceOrientationPortrait UIInterfaceOrientationLandscapeLeft UIInterfaceOrientationLandscapeRight";
				LD_RUNPATH_SEARCH_PATHS = (
					"$(inherited)",
					"@executable_path/Frameworks",
				);
				MARKETING_VERSION = 1.0;
				PRODUCT_BUNDLE_IDENTIFIER = com.nolinmcfarland.Photoquest;
				PRODUCT_NAME = "$(TARGET_NAME)";
				SWIFT_EMIT_LOC_STRINGS = YES;
				SWIFT_VERSION = 5.0;
				TARGETED_DEVICE_FAMILY = "1,2";
			};
			name = Release;
		};
/* End XCBuildConfiguration section */

/* Begin XCConfigurationList section */
		5C56EA65281C74C60069AE92 /* Build configuration list for PBXNativeTarget "PhotoquestTests" */ = {
			isa = XCConfigurationList;
			buildConfigurations = (
				5C56EA63281C74C60069AE92 /* Debug */,
				5C56EA64281C74C60069AE92 /* Release */,
			);
			defaultConfigurationIsVisible = 0;
			defaultConfigurationName = Debug;
		};
		5CC70F5E2815D25E0052733B /* Build configuration list for PBXProject "Photoquest" */ = {
			isa = XCConfigurationList;
			buildConfigurations = (
				5CC70F752815D2610052733B /* Debug */,
				5CC70F762815D2610052733B /* Release */,
			);
			defaultConfigurationIsVisible = 0;
			defaultConfigurationName = Debug;
		};
		5CC70F772815D2610052733B /* Build configuration list for PBXNativeTarget "Photoquest" */ = {
			isa = XCConfigurationList;
			buildConfigurations = (
				5CC70F782815D2610052733B /* Debug */,
				5CC70F792815D2610052733B /* Release */,
			);
			defaultConfigurationIsVisible = 0;
			defaultConfigurationName = Debug;
		};
/* End XCConfigurationList section */

/* Begin XCRemoteSwiftPackageReference section */
		5CFB6E76282038CE00D39BE1 /* XCRemoteSwiftPackageReference "firebase-ios-sdk" */ = {
			isa = XCRemoteSwiftPackageReference;
			repositoryURL = "https://github.com/firebase/firebase-ios-sdk";
			requirement = {
				kind = upToNextMajorVersion;
				minimumVersion = 8.0.0;
			};
		};
/* End XCRemoteSwiftPackageReference section */

/* Begin XCSwiftPackageProductDependency section */
		5CFB6E77282038CE00D39BE1 /* FirebaseAuth */ = {
			isa = XCSwiftPackageProductDependency;
			package = 5CFB6E76282038CE00D39BE1 /* XCRemoteSwiftPackageReference "firebase-ios-sdk" */;
			productName = FirebaseAuth;
		};
		5CFB6E79282038CE00D39BE1 /* FirebaseFirestore */ = {
			isa = XCSwiftPackageProductDependency;
			package = 5CFB6E76282038CE00D39BE1 /* XCRemoteSwiftPackageReference "firebase-ios-sdk" */;
			productName = FirebaseFirestore;
		};
		5CFB6E7B282038CE00D39BE1 /* FirebaseStorage */ = {
			isa = XCSwiftPackageProductDependency;
			package = 5CFB6E76282038CE00D39BE1 /* XCRemoteSwiftPackageReference "firebase-ios-sdk" */;
			productName = FirebaseStorage;
		};
/* End XCSwiftPackageProductDependency section */
	};
	rootObject = 5CC70F5B2815D25E0052733B /* Project object */;
}
